
Microsoft Visual Studio Solution File, Format Version 12.00
# Visual Studio 14
VisualStudioVersion = 14.0.22310.1
MinimumVisualStudioVersion = 10.0.40219.1
Project("{2150E333-8FDC-42A3-9474-1A3956D46DE8}") = "Watchr", "Watchr", "{B3D21261-9338-4849-ACB0-DF2EE556F4AF}"
EndProject
Project("{D954291E-2A0B-460D-934E-DC6B0785DB48}") = "Watchr.Shared", "Watchr\Watchr.Shared\Watchr.Shared.shproj", "{397AFC1C-C046-44EB-B1EA-81AF1EE73515}"
EndProject
Project("{FAE04EC0-301F-11D3-BF4B-00C04F79EFBC}") = "Watchr.Windows", "Watchr\Watchr.Windows\Watchr.Windows.csproj", "{8D4A58D6-8775-497A-ACB2-88556F3E1CD5}"
EndProject
Project("{FAE04EC0-301F-11D3-BF4B-00C04F79EFBC}") = "Watchr.WindowsPhone", "Watchr\Watchr.WindowsPhone\Watchr.WindowsPhone.csproj", "{0CBD54A6-A29C-46D0-95BF-F41B5E788618}"
EndProject
Global
	GlobalSection(SharedMSBuildProjectFiles) = preSolution
		Watchr\Watchr.Shared\Watchr.Shared.projitems*{8d4a58d6-8775-497a-acb2-88556f3e1cd5}*SharedItemsImports = 4
		Watchr\Watchr.Shared\Watchr.Shared.projitems*{0cbd54a6-a29c-46d0-95bf-f41b5e788618}*SharedItemsImports = 4
		Watchr\Watchr.Shared\Watchr.Shared.projitems*{397afc1c-c046-44eb-b1ea-81af1ee73515}*SharedItemsImports = 13
	EndGlobalSection
	GlobalSection(SolutionConfigurationPlatforms) = preSolution
		Debug|Any CPU = Debug|Any CPU
		Debug|ARM = Debug|ARM
		Debug|x64 = Debug|x64
		Debug|x86 = Debug|x86
		Release|Any CPU = Release|Any CPU
		Release|ARM = Release|ARM
		Release|x64 = Release|x64
		Release|x86 = Release|x86
	EndGlobalSection
	GlobalSection(ProjectConfigurationPlatforms) = postSolution
		{8D4A58D6-8775-497A-ACB2-88556F3E1CD5}.Debug|Any CPU.ActiveCfg = Debug|Any CPU
		{8D4A58D6-8775-497A-ACB2-88556F3E1CD5}.Debug|Any CPU.Build.0 = Debug|Any CPU
		{8D4A58D6-8775-497A-ACB2-88556F3E1CD5}.Debug|Any CPU.Deploy.0 = Debug|Any CPU
		{8D4A58D6-8775-497A-ACB2-88556F3E1CD5}.Debug|ARM.ActiveCfg = Debug|ARM
		{8D4A58D6-8775-497A-ACB2-88556F3E1CD5}.Debug|ARM.Build.0 = Debug|ARM
		{8D4A58D6-8775-497A-ACB2-88556F3E1CD5}.Debug|ARM.Deploy.0 = Debug|ARM
		{8D4A58D6-8775-497A-ACB2-88556F3E1CD5}.Debug|x64.ActiveCfg = Debug|x64
		{8D4A58D6-8775-497A-ACB2-88556F3E1CD5}.Debug|x64.Build.0 = Debug|x64
		{8D4A58D6-8775-497A-ACB2-88556F3E1CD5}.Debug|x64.Deploy.0 = Debug|x64
		{8D4A58D6-8775-497A-ACB2-88556F3E1CD5}.Debug|x86.ActiveCfg = Debug|x86
		{8D4A58D6-8775-497A-ACB2-88556F3E1CD5}.Debug|x86.Build.0 = Debug|x86
		{8D4A58D6-8775-497A-ACB2-88556F3E1CD5}.Debug|x86.Deploy.0 = Debug|x86
		{8D4A58D6-8775-497A-ACB2-88556F3E1CD5}.Release|Any CPU.ActiveCfg = Release|Any CPU
		{8D4A58D6-8775-497A-ACB2-88556F3E1CD5}.Release|Any CPU.Build.0 = Release|Any CPU
		{8D4A58D6-8775-497A-ACB2-88556F3E1CD5}.Release|Any CPU.Deploy.0 = Release|Any CPU
		{8D4A58D6-8775-497A-ACB2-88556F3E1CD5}.Release|ARM.ActiveCfg = Release|ARM
		{8D4A58D6-8775-497A-ACB2-88556F3E1CD5}.Release|ARM.Build.0 = Release|ARM
		{8D4A58D6-8775-497A-ACB2-88556F3E1CD5}.Release|ARM.Deploy.0 = Release|ARM
		{8D4A58D6-8775-497A-ACB2-88556F3E1CD5}.Release|x64.ActiveCfg = Release|x64
		{8D4A58D6-8775-497A-ACB2-88556F3E1CD5}.Release|x64.Build.0 = Release|x64
		{8D4A58D6-8775-497A-ACB2-88556F3E1CD5}.Release|x64.Deploy.0 = Release|x64
		{8D4A58D6-8775-497A-ACB2-88556F3E1CD5}.Release|x86.ActiveCfg = Release|x86
		{8D4A58D6-8775-497A-ACB2-88556F3E1CD5}.Release|x86.Build.0 = Release|x86
		{8D4A58D6-8775-497A-ACB2-88556F3E1CD5}.Release|x86.Deploy.0 = Release|x86
		{0CBD54A6-A29C-46D0-95BF-F41B5E788618}.Debug|Any CPU.ActiveCfg = Debug|Any CPU
		{0CBD54A6-A29C-46D0-95BF-F41B5E788618}.Debug|Any CPU.Build.0 = Debug|Any CPU
		{0CBD54A6-A29C-46D0-95BF-F41B5E788618}.Debug|Any CPU.Deploy.0 = Debug|Any CPU
		{0CBD54A6-A29C-46D0-95BF-F41B5E788618}.Debug|ARM.ActiveCfg = Debug|ARM
		{0CBD54A6-A29C-46D0-95BF-F41B5E788618}.Debug|ARM.Build.0 = Debug|ARM
		{0CBD54A6-A29C-46D0-95BF-F41B5E788618}.Debug|ARM.Deploy.0 = Debug|ARM
		{0CBD54A6-A29C-46D0-95BF-F41B5E788618}.Debug|x64.ActiveCfg = Debug|Any CPU
		{0CBD54A6-A29C-46D0-95BF-F41B5E788618}.Debug|x64.Build.0 = Debug|Any CPU
		{0CBD54A6-A29C-46D0-95BF-F41B5E788618}.Debug|x64.Deploy.0 = Debug|Any CPU
		{0CBD54A6-A29C-46D0-95BF-F41B5E788618}.Debug|x86.ActiveCfg = Debug|x86
		{0CBD54A6-A29C-46D0-95BF-F41B5E788618}.Debug|x86.Build.0 = Debug|x86
		{0CBD54A6-A29C-46D0-95BF-F41B5E788618}.Debug|x86.Deploy.0 = Debug|x86
		{0CBD54A6-A29C-46D0-95BF-F41B5E788618}.Release|Any CPU.ActiveCfg = Release|Any CPU
		{0CBD54A6-A29C-46D0-95BF-F41B5E788618}.Release|Any CPU.Build.0 = Release|Any CPU
		{0CBD54A6-A29C-46D0-95BF-F41B5E788618}.Release|Any CPU.Deploy.0 = Release|Any CPU
		{0CBD54A6-A29C-46D0-95BF-F41B5E788618}.Release|ARM.ActiveCfg = Release|ARM
		{0CBD54A6-A29C-46D0-95BF-F41B5E788618}.Release|ARM.Build.0 = Release|ARM
		{0CBD54A6-A29C-46D0-95BF-F41B5E788618}.Release|ARM.Deploy.0 = Release|ARM
		{0CBD54A6-A29C-46D0-95BF-F41B5E788618}.Release|x64.ActiveCfg = Release|Any CPU
		{0CBD54A6-A29C-46D0-95BF-F41B5E788618}.Release|x64.Build.0 = Release|Any CPU
		{0CBD54A6-A29C-46D0-95BF-F41B5E788618}.Release|x64.Deploy.0 = Release|Any CPU
		{0CBD54A6-A29C-46D0-95BF-F41B5E788618}.Release|x86.ActiveCfg = Release|x86
		{0CBD54A6-A29C-46D0-95BF-F41B5E788618}.Release|x86.Build.0 = Release|x86
		{0CBD54A6-A29C-46D0-95BF-F41B5E788618}.Release|x86.Deploy.0 = Release|x86
	EndGlobalSection
	GlobalSection(SolutionProperties) = preSolution
		HideSolutionNode = FALSE
	EndGlobalSection
	GlobalSection(NestedProjects) = preSolution
		{397AFC1C-C046-44EB-B1EA-81AF1EE73515} = {B3D21261-9338-4849-ACB0-DF2EE556F4AF}
		{8D4A58D6-8775-497A-ACB2-88556F3E1CD5} = {B3D21261-9338-4849-ACB0-DF2EE556F4AF}
		{0CBD54A6-A29C-46D0-95BF-F41B5E788618} = {B3D21261-9338-4849-ACB0-DF2EE556F4AF}
	EndGlobalSection
EndGlobal
